// !$*UTF8*$!
{
	archiveVersion = 1;
	classes = {
	};
	objectVersion = 56;
	objects = {

/* Begin PBXBuildFile section */
		87456C402AD0950300D48D69 /* AppTabView.swift in Sources */ = {isa = PBXBuildFile; fileRef = 87456C3F2AD0950300D48D69 /* AppTabView.swift */; };
		87456C422AD0953000D48D69 /* LocationMapView.swift in Sources */ = {isa = PBXBuildFile; fileRef = 87456C412AD0953000D48D69 /* LocationMapView.swift */; };
		87456C442AD0954A00D48D69 /* LocationListView.swift in Sources */ = {isa = PBXBuildFile; fileRef = 87456C432AD0954A00D48D69 /* LocationListView.swift */; };
		87456C462AD0955700D48D69 /* ProfileView.swift in Sources */ = {isa = PBXBuildFile; fileRef = 87456C452AD0955700D48D69 /* ProfileView.swift */; };
		87E8E7132AD0711A00B6E415 /* CourtConnectApp.swift in Sources */ = {isa = PBXBuildFile; fileRef = 87E8E7122AD0711A00B6E415 /* CourtConnectApp.swift */; };
		87E8E7152AD0711A00B6E415 /* ContentView.swift in Sources */ = {isa = PBXBuildFile; fileRef = 87E8E7142AD0711A00B6E415 /* ContentView.swift */; };
		87E8E7172AD0711E00B6E415 /* Assets.xcassets in Resources */ = {isa = PBXBuildFile; fileRef = 87E8E7162AD0711E00B6E415 /* Assets.xcassets */; };
		87E8E71A2AD0711E00B6E415 /* Preview Assets.xcassets in Resources */ = {isa = PBXBuildFile; fileRef = 87E8E7192AD0711E00B6E415 /* Preview Assets.xcassets */; };
		87E8E7212AD0724D00B6E415 /* GoogleService-Info.plist in Resources */ = {isa = PBXBuildFile; fileRef = 87E8E7202AD0724D00B6E415 /* GoogleService-Info.plist */; };
		87E8E7242AD0739500B6E415 /* FirebaseAnalytics in Frameworks */ = {isa = PBXBuildFile; productRef = 87E8E7232AD0739500B6E415 /* FirebaseAnalytics */; };
		87E8E7262AD0739500B6E415 /* FirebaseAnalyticsOnDeviceConversion in Frameworks */ = {isa = PBXBuildFile; productRef = 87E8E7252AD0739500B6E415 /* FirebaseAnalyticsOnDeviceConversion */; };
		87E8E7282AD0739500B6E415 /* FirebaseAnalyticsSwift in Frameworks */ = {isa = PBXBuildFile; productRef = 87E8E7272AD0739500B6E415 /* FirebaseAnalyticsSwift */; };
		87E8E72A2AD0739500B6E415 /* FirebaseAnalyticsWithoutAdIdSupport in Frameworks */ = {isa = PBXBuildFile; productRef = 87E8E7292AD0739500B6E415 /* FirebaseAnalyticsWithoutAdIdSupport */; };
		87E8E72C2AD0739500B6E415 /* FirebaseAppCheck in Frameworks */ = {isa = PBXBuildFile; productRef = 87E8E72B2AD0739500B6E415 /* FirebaseAppCheck */; };
		87E8E72E2AD0739500B6E415 /* FirebaseAppDistribution-Beta in Frameworks */ = {isa = PBXBuildFile; productRef = 87E8E72D2AD0739500B6E415 /* FirebaseAppDistribution-Beta */; };
		87E8E7302AD0739500B6E415 /* FirebaseAuth in Frameworks */ = {isa = PBXBuildFile; productRef = 87E8E72F2AD0739500B6E415 /* FirebaseAuth */; };
		87E8E7322AD0739500B6E415 /* FirebaseAuthCombine-Community in Frameworks */ = {isa = PBXBuildFile; productRef = 87E8E7312AD0739500B6E415 /* FirebaseAuthCombine-Community */; };
		87E8E7342AD0739500B6E415 /* FirebaseCrashlytics in Frameworks */ = {isa = PBXBuildFile; productRef = 87E8E7332AD0739500B6E415 /* FirebaseCrashlytics */; };
		87E8E7362AD0739500B6E415 /* FirebaseDatabase in Frameworks */ = {isa = PBXBuildFile; productRef = 87E8E7352AD0739500B6E415 /* FirebaseDatabase */; };
		87E8E7382AD0739500B6E415 /* FirebaseDatabaseSwift in Frameworks */ = {isa = PBXBuildFile; productRef = 87E8E7372AD0739500B6E415 /* FirebaseDatabaseSwift */; };
		87E8E73A2AD0739500B6E415 /* FirebaseDynamicLinks in Frameworks */ = {isa = PBXBuildFile; productRef = 87E8E7392AD0739500B6E415 /* FirebaseDynamicLinks */; };
		87E8E73C2AD0739500B6E415 /* FirebaseFirestore in Frameworks */ = {isa = PBXBuildFile; productRef = 87E8E73B2AD0739500B6E415 /* FirebaseFirestore */; };
		87E8E73E2AD0739500B6E415 /* FirebaseFirestoreCombine-Community in Frameworks */ = {isa = PBXBuildFile; productRef = 87E8E73D2AD0739500B6E415 /* FirebaseFirestoreCombine-Community */; };
		87E8E7402AD0739500B6E415 /* FirebaseFirestoreSwift in Frameworks */ = {isa = PBXBuildFile; productRef = 87E8E73F2AD0739500B6E415 /* FirebaseFirestoreSwift */; };
		87E8E7422AD0739500B6E415 /* FirebaseFunctions in Frameworks */ = {isa = PBXBuildFile; productRef = 87E8E7412AD0739500B6E415 /* FirebaseFunctions */; };
		87E8E7442AD0739500B6E415 /* FirebaseFunctionsCombine-Community in Frameworks */ = {isa = PBXBuildFile; productRef = 87E8E7432AD0739500B6E415 /* FirebaseFunctionsCombine-Community */; };
		87E8E7462AD0739500B6E415 /* FirebaseInAppMessaging-Beta in Frameworks */ = {isa = PBXBuildFile; productRef = 87E8E7452AD0739500B6E415 /* FirebaseInAppMessaging-Beta */; };
		87E8E7482AD0739500B6E415 /* FirebaseInAppMessagingSwift-Beta in Frameworks */ = {isa = PBXBuildFile; productRef = 87E8E7472AD0739500B6E415 /* FirebaseInAppMessagingSwift-Beta */; };
		87E8E74A2AD0739500B6E415 /* FirebaseInstallations in Frameworks */ = {isa = PBXBuildFile; productRef = 87E8E7492AD0739500B6E415 /* FirebaseInstallations */; };
		87E8E74C2AD0739500B6E415 /* FirebaseMLModelDownloader in Frameworks */ = {isa = PBXBuildFile; productRef = 87E8E74B2AD0739500B6E415 /* FirebaseMLModelDownloader */; };
		87E8E74E2AD0739500B6E415 /* FirebaseMessaging in Frameworks */ = {isa = PBXBuildFile; productRef = 87E8E74D2AD0739500B6E415 /* FirebaseMessaging */; };
		87E8E7502AD0739500B6E415 /* FirebasePerformance in Frameworks */ = {isa = PBXBuildFile; productRef = 87E8E74F2AD0739500B6E415 /* FirebasePerformance */; };
		87E8E7522AD0739500B6E415 /* FirebaseRemoteConfig in Frameworks */ = {isa = PBXBuildFile; productRef = 87E8E7512AD0739500B6E415 /* FirebaseRemoteConfig */; };
		87E8E7542AD0739500B6E415 /* FirebaseRemoteConfigSwift in Frameworks */ = {isa = PBXBuildFile; productRef = 87E8E7532AD0739500B6E415 /* FirebaseRemoteConfigSwift */; };
		87E8E7562AD0739500B6E415 /* FirebaseStorage in Frameworks */ = {isa = PBXBuildFile; productRef = 87E8E7552AD0739500B6E415 /* FirebaseStorage */; };
		87E8E7582AD0739500B6E415 /* FirebaseStorageCombine-Community in Frameworks */ = {isa = PBXBuildFile; productRef = 87E8E7572AD0739500B6E415 /* FirebaseStorageCombine-Community */; };
/* End PBXBuildFile section */

/* Begin PBXFileReference section */
		87456C3F2AD0950300D48D69 /* AppTabView.swift */ = {isa = PBXFileReference; lastKnownFileType = sourcecode.swift; path = AppTabView.swift; sourceTree = "<group>"; };
		87456C412AD0953000D48D69 /* LocationMapView.swift */ = {isa = PBXFileReference; lastKnownFileType = sourcecode.swift; path = LocationMapView.swift; sourceTree = "<group>"; };
		87456C432AD0954A00D48D69 /* LocationListView.swift */ = {isa = PBXFileReference; lastKnownFileType = sourcecode.swift; path = LocationListView.swift; sourceTree = "<group>"; };
		87456C452AD0955700D48D69 /* ProfileView.swift */ = {isa = PBXFileReference; lastKnownFileType = sourcecode.swift; path = ProfileView.swift; sourceTree = "<group>"; };
		87E8E70F2AD0711A00B6E415 /* CourtConnect.app */ = {isa = PBXFileReference; explicitFileType = wrapper.application; includeInIndex = 0; path = CourtConnect.app; sourceTree = BUILT_PRODUCTS_DIR; };
		87E8E7122AD0711A00B6E415 /* CourtConnectApp.swift */ = {isa = PBXFileReference; lastKnownFileType = sourcecode.swift; path = CourtConnectApp.swift; sourceTree = "<group>"; };
		87E8E7142AD0711A00B6E415 /* ContentView.swift */ = {isa = PBXFileReference; lastKnownFileType = sourcecode.swift; path = ContentView.swift; sourceTree = "<group>"; };
		87E8E7162AD0711E00B6E415 /* Assets.xcassets */ = {isa = PBXFileReference; lastKnownFileType = folder.assetcatalog; path = Assets.xcassets; sourceTree = "<group>"; };
		87E8E7192AD0711E00B6E415 /* Preview Assets.xcassets */ = {isa = PBXFileReference; lastKnownFileType = folder.assetcatalog; path = "Preview Assets.xcassets"; sourceTree = "<group>"; };
		87E8E7202AD0724D00B6E415 /* GoogleService-Info.plist */ = {isa = PBXFileReference; fileEncoding = 4; lastKnownFileType = text.plist.xml; name = "GoogleService-Info.plist"; path = "../../../../Downloads/GoogleService-Info.plist"; sourceTree = "<group>"; };
/* End PBXFileReference section */

/* Begin PBXFrameworksBuildPhase section */
		87E8E70C2AD0711A00B6E415 /* Frameworks */ = {
			isa = PBXFrameworksBuildPhase;
			buildActionMask = 2147483647;
			files = (
				87E8E7362AD0739500B6E415 /* FirebaseDatabase in Frameworks */,
				87E8E7442AD0739500B6E415 /* FirebaseFunctionsCombine-Community in Frameworks */,
				87E8E73C2AD0739500B6E415 /* FirebaseFirestore in Frameworks */,
				87E8E7282AD0739500B6E415 /* FirebaseAnalyticsSwift in Frameworks */,
				87E8E7242AD0739500B6E415 /* FirebaseAnalytics in Frameworks */,
				87E8E7262AD0739500B6E415 /* FirebaseAnalyticsOnDeviceConversion in Frameworks */,
				87E8E74C2AD0739500B6E415 /* FirebaseMLModelDownloader in Frameworks */,
				87E8E7402AD0739500B6E415 /* FirebaseFirestoreSwift in Frameworks */,
				87E8E72C2AD0739500B6E415 /* FirebaseAppCheck in Frameworks */,
				87E8E72A2AD0739500B6E415 /* FirebaseAnalyticsWithoutAdIdSupport in Frameworks */,
				87E8E7302AD0739500B6E415 /* FirebaseAuth in Frameworks */,
				87E8E7342AD0739500B6E415 /* FirebaseCrashlytics in Frameworks */,
				87E8E7542AD0739500B6E415 /* FirebaseRemoteConfigSwift in Frameworks */,
				87E8E7462AD0739500B6E415 /* FirebaseInAppMessaging-Beta in Frameworks */,
				87E8E7382AD0739500B6E415 /* FirebaseDatabaseSwift in Frameworks */,
				87E8E7422AD0739500B6E415 /* FirebaseFunctions in Frameworks */,
				87E8E7582AD0739500B6E415 /* FirebaseStorageCombine-Community in Frameworks */,
				87E8E7522AD0739500B6E415 /* FirebaseRemoteConfig in Frameworks */,
				87E8E72E2AD0739500B6E415 /* FirebaseAppDistribution-Beta in Frameworks */,
				87E8E7322AD0739500B6E415 /* FirebaseAuthCombine-Community in Frameworks */,
				87E8E7502AD0739500B6E415 /* FirebasePerformance in Frameworks */,
				87E8E7482AD0739500B6E415 /* FirebaseInAppMessagingSwift-Beta in Frameworks */,
				87E8E7562AD0739500B6E415 /* FirebaseStorage in Frameworks */,
				87E8E73A2AD0739500B6E415 /* FirebaseDynamicLinks in Frameworks */,
				87E8E73E2AD0739500B6E415 /* FirebaseFirestoreCombine-Community in Frameworks */,
				87E8E74E2AD0739500B6E415 /* FirebaseMessaging in Frameworks */,
				87E8E74A2AD0739500B6E415 /* FirebaseInstallations in Frameworks */,
			);
			runOnlyForDeploymentPostprocessing = 0;
		};
/* End PBXFrameworksBuildPhase section */

/* Begin PBXGroup section */
		87E8E7062AD0711A00B6E415 = {
			isa = PBXGroup;
			children = (
				87E8E7112AD0711A00B6E415 /* CourtConnect */,
				87E8E7102AD0711A00B6E415 /* Products */,
			);
			sourceTree = "<group>";
		};
		87E8E7102AD0711A00B6E415 /* Products */ = {
			isa = PBXGroup;
			children = (
				87E8E70F2AD0711A00B6E415 /* CourtConnect.app */,
			);
			name = Products;
			sourceTree = "<group>";
		};
		87E8E7112AD0711A00B6E415 /* CourtConnect */ = {
			isa = PBXGroup;
			children = (
				87E8E7122AD0711A00B6E415 /* CourtConnectApp.swift */,
				87E8E7142AD0711A00B6E415 /* ContentView.swift */,
				87E8E7162AD0711E00B6E415 /* Assets.xcassets */,
				87E8E7202AD0724D00B6E415 /* GoogleService-Info.plist */,
				87E8E7182AD0711E00B6E415 /* Preview Content */,
				87456C3F2AD0950300D48D69 /* AppTabView.swift */,
				87456C412AD0953000D48D69 /* LocationMapView.swift */,
				87456C432AD0954A00D48D69 /* LocationListView.swift */,
				87456C452AD0955700D48D69 /* ProfileView.swift */,
			);
			path = CourtConnect;
			sourceTree = "<group>";
		};
		87E8E7182AD0711E00B6E415 /* Preview Content */ = {
			isa = PBXGroup;
			children = (
				87E8E7192AD0711E00B6E415 /* Preview Assets.xcassets */,
			);
			path = "Preview Content";
			sourceTree = "<group>";
		};
/* End PBXGroup section */

/* Begin PBXNativeTarget section */
		87E8E70E2AD0711A00B6E415 /* CourtConnect */ = {
			isa = PBXNativeTarget;
			buildConfigurationList = 87E8E71D2AD0711E00B6E415 /* Build configuration list for PBXNativeTarget "CourtConnect" */;
			buildPhases = (
				87E8E70B2AD0711A00B6E415 /* Sources */,
				87E8E70C2AD0711A00B6E415 /* Frameworks */,
				87E8E70D2AD0711A00B6E415 /* Resources */,
			);
			buildRules = (
			);
			dependencies = (
			);
			name = CourtConnect;
			packageProductDependencies = (
				87E8E7232AD0739500B6E415 /* FirebaseAnalytics */,
				87E8E7252AD0739500B6E415 /* FirebaseAnalyticsOnDeviceConversion */,
				87E8E7272AD0739500B6E415 /* FirebaseAnalyticsSwift */,
				87E8E7292AD0739500B6E415 /* FirebaseAnalyticsWithoutAdIdSupport */,
				87E8E72B2AD0739500B6E415 /* FirebaseAppCheck */,
				87E8E72D2AD0739500B6E415 /* FirebaseAppDistribution-Beta */,
				87E8E72F2AD0739500B6E415 /* FirebaseAuth */,
				87E8E7312AD0739500B6E415 /* FirebaseAuthCombine-Community */,
				87E8E7332AD0739500B6E415 /* FirebaseCrashlytics */,
				87E8E7352AD0739500B6E415 /* FirebaseDatabase */,
				87E8E7372AD0739500B6E415 /* FirebaseDatabaseSwift */,
				87E8E7392AD0739500B6E415 /* FirebaseDynamicLinks */,
				87E8E73B2AD0739500B6E415 /* FirebaseFirestore */,
				87E8E73D2AD0739500B6E415 /* FirebaseFirestoreCombine-Community */,
				87E8E73F2AD0739500B6E415 /* FirebaseFirestoreSwift */,
				87E8E7412AD0739500B6E415 /* FirebaseFunctions */,
				87E8E7432AD0739500B6E415 /* FirebaseFunctionsCombine-Community */,
				87E8E7452AD0739500B6E415 /* FirebaseInAppMessaging-Beta */,
				87E8E7472AD0739500B6E415 /* FirebaseInAppMessagingSwift-Beta */,
				87E8E7492AD0739500B6E415 /* FirebaseInstallations */,
				87E8E74B2AD0739500B6E415 /* FirebaseMLModelDownloader */,
				87E8E74D2AD0739500B6E415 /* FirebaseMessaging */,
				87E8E74F2AD0739500B6E415 /* FirebasePerformance */,
				87E8E7512AD0739500B6E415 /* FirebaseRemoteConfig */,
				87E8E7532AD0739500B6E415 /* FirebaseRemoteConfigSwift */,
				87E8E7552AD0739500B6E415 /* FirebaseStorage */,
				87E8E7572AD0739500B6E415 /* FirebaseStorageCombine-Community */,
			);
			productName = CourtConnect;
			productReference = 87E8E70F2AD0711A00B6E415 /* CourtConnect.app */;
			productType = "com.apple.product-type.application";
		};
/* End PBXNativeTarget section */

/* Begin PBXProject section */
		87E8E7072AD0711A00B6E415 /* Project object */ = {
			isa = PBXProject;
			attributes = {
				BuildIndependentTargetsInParallel = 1;
				LastSwiftUpdateCheck = 1500;
				LastUpgradeCheck = 1500;
				TargetAttributes = {
					87E8E70E2AD0711A00B6E415 = {
						CreatedOnToolsVersion = 15.0;
					};
				};
			};
			buildConfigurationList = 87E8E70A2AD0711A00B6E415 /* Build configuration list for PBXProject "CourtConnect" */;
			compatibilityVersion = "Xcode 14.0";
			developmentRegion = en;
			hasScannedForEncodings = 0;
			knownRegions = (
				en,
				Base,
			);
			mainGroup = 87E8E7062AD0711A00B6E415;
			packageReferences = (
				87E8E7222AD0739500B6E415 /* XCRemoteSwiftPackageReference "firebase-ios-sdk" */,
			);
			productRefGroup = 87E8E7102AD0711A00B6E415 /* Products */;
			projectDirPath = "";
			projectRoot = "";
			targets = (
				87E8E70E2AD0711A00B6E415 /* CourtConnect */,
			);
		};
/* End PBXProject section */

/* Begin PBXResourcesBuildPhase section */
		87E8E70D2AD0711A00B6E415 /* Resources */ = {
			isa = PBXResourcesBuildPhase;
			buildActionMask = 2147483647;
			files = (
				87E8E71A2AD0711E00B6E415 /* Preview Assets.xcassets in Resources */,
				87E8E7172AD0711E00B6E415 /* Assets.xcassets in Resources */,
				87E8E7212AD0724D00B6E415 /* GoogleService-Info.plist in Resources */,
			);
			runOnlyForDeploymentPostprocessing = 0;
		};
/* End PBXResourcesBuildPhase section */

/* Begin PBXSourcesBuildPhase section */
		87E8E70B2AD0711A00B6E415 /* Sources */ = {
			isa = PBXSourcesBuildPhase;
			buildActionMask = 2147483647;
			files = (
				87456C402AD0950300D48D69 /* AppTabView.swift in Sources */,
				87456C442AD0954A00D48D69 /* LocationListView.swift in Sources */,
				87E8E7152AD0711A00B6E415 /* ContentView.swift in Sources */,
				87456C422AD0953000D48D69 /* LocationMapView.swift in Sources */,
				87456C462AD0955700D48D69 /* ProfileView.swift in Sources */,
				87E8E7132AD0711A00B6E415 /* CourtConnectApp.swift in Sources */,
			);
			runOnlyForDeploymentPostprocessing = 0;
		};
/* End PBXSourcesBuildPhase section */

/* Begin XCBuildConfiguration section */
		87E8E71B2AD0711E00B6E415 /* Debug */ = {
			isa = XCBuildConfiguration;
			buildSettings = {
				ALWAYS_SEARCH_USER_PATHS = NO;
				ASSETCATALOG_COMPILER_GENERATE_SWIFT_ASSET_SYMBOL_EXTENSIONS = YES;
				CLANG_ANALYZER_NONNULL = YES;
				CLANG_ANALYZER_NUMBER_OBJECT_CONVERSION = YES_AGGRESSIVE;
				CLANG_CXX_LANGUAGE_STANDARD = "gnu++20";
				CLANG_ENABLE_MODULES = YES;
				CLANG_ENABLE_OBJC_ARC = YES;
				CLANG_ENABLE_OBJC_WEAK = YES;
				CLANG_WARN_BLOCK_CAPTURE_AUTORELEASING = YES;
				CLANG_WARN_BOOL_CONVERSION = YES;
				CLANG_WARN_COMMA = YES;
				CLANG_WARN_CONSTANT_CONVERSION = YES;
				CLANG_WARN_DEPRECATED_OBJC_IMPLEMENTATIONS = YES;
				CLANG_WARN_DIRECT_OBJC_ISA_USAGE = YES_ERROR;
				CLANG_WARN_DOCUMENTATION_COMMENTS = YES;
				CLANG_WARN_EMPTY_BODY = YES;
				CLANG_WARN_ENUM_CONVERSION = YES;
				CLANG_WARN_INFINITE_RECURSION = YES;
				CLANG_WARN_INT_CONVERSION = YES;
				CLANG_WARN_NON_LITERAL_NULL_CONVERSION = YES;
				CLANG_WARN_OBJC_IMPLICIT_RETAIN_SELF = YES;
				CLANG_WARN_OBJC_LITERAL_CONVERSION = YES;
				CLANG_WARN_OBJC_ROOT_CLASS = YES_ERROR;
				CLANG_WARN_QUOTED_INCLUDE_IN_FRAMEWORK_HEADER = YES;
				CLANG_WARN_RANGE_LOOP_ANALYSIS = YES;
				CLANG_WARN_STRICT_PROTOTYPES = YES;
				CLANG_WARN_SUSPICIOUS_MOVE = YES;
				CLANG_WARN_UNGUARDED_AVAILABILITY = YES_AGGRESSIVE;
				CLANG_WARN_UNREACHABLE_CODE = YES;
				CLANG_WARN__DUPLICATE_METHOD_MATCH = YES;
				COPY_PHASE_STRIP = NO;
				DEBUG_INFORMATION_FORMAT = dwarf;
				ENABLE_STRICT_OBJC_MSGSEND = YES;
				ENABLE_TESTABILITY = YES;
				ENABLE_USER_SCRIPT_SANDBOXING = YES;
				GCC_C_LANGUAGE_STANDARD = gnu17;
				GCC_DYNAMIC_NO_PIC = NO;
				GCC_NO_COMMON_BLOCKS = YES;
				GCC_OPTIMIZATION_LEVEL = 0;
				GCC_PREPROCESSOR_DEFINITIONS = (
					"DEBUG=1",
					"$(inherited)",
				);
				GCC_WARN_64_TO_32_BIT_CONVERSION = YES;
				GCC_WARN_ABOUT_RETURN_TYPE = YES_ERROR;
				GCC_WARN_UNDECLARED_SELECTOR = YES;
				GCC_WARN_UNINITIALIZED_AUTOS = YES_AGGRESSIVE;
				GCC_WARN_UNUSED_FUNCTION = YES;
				GCC_WARN_UNUSED_VARIABLE = YES;
				IPHONEOS_DEPLOYMENT_TARGET = 17.0;
				LOCALIZATION_PREFERS_STRING_CATALOGS = YES;
				MTL_ENABLE_DEBUG_INFO = INCLUDE_SOURCE;
				MTL_FAST_MATH = YES;
				ONLY_ACTIVE_ARCH = YES;
				SDKROOT = iphoneos;
				SWIFT_ACTIVE_COMPILATION_CONDITIONS = "DEBUG $(inherited)";
				SWIFT_OPTIMIZATION_LEVEL = "-Onone";
			};
			name = Debug;
		};
		87E8E71C2AD0711E00B6E415 /* Release */ = {
			isa = XCBuildConfiguration;
			buildSettings = {
				ALWAYS_SEARCH_USER_PATHS = NO;
				ASSETCATALOG_COMPILER_GENERATE_SWIFT_ASSET_SYMBOL_EXTENSIONS = YES;
				CLANG_ANALYZER_NONNULL = YES;
				CLANG_ANALYZER_NUMBER_OBJECT_CONVERSION = YES_AGGRESSIVE;
				CLANG_CXX_LANGUAGE_STANDARD = "gnu++20";
				CLANG_ENABLE_MODULES = YES;
				CLANG_ENABLE_OBJC_ARC = YES;
				CLANG_ENABLE_OBJC_WEAK = YES;
				CLANG_WARN_BLOCK_CAPTURE_AUTORELEASING = YES;
				CLANG_WARN_BOOL_CONVERSION = YES;
				CLANG_WARN_COMMA = YES;
				CLANG_WARN_CONSTANT_CONVERSION = YES;
				CLANG_WARN_DEPRECATED_OBJC_IMPLEMENTATIONS = YES;
				CLANG_WARN_DIRECT_OBJC_ISA_USAGE = YES_ERROR;
				CLANG_WARN_DOCUMENTATION_COMMENTS = YES;
				CLANG_WARN_EMPTY_BODY = YES;
				CLANG_WARN_ENUM_CONVERSION = YES;
				CLANG_WARN_INFINITE_RECURSION = YES;
				CLANG_WARN_INT_CONVERSION = YES;
				CLANG_WARN_NON_LITERAL_NULL_CONVERSION = YES;
				CLANG_WARN_OBJC_IMPLICIT_RETAIN_SELF = YES;
				CLANG_WARN_OBJC_LITERAL_CONVERSION = YES;
				CLANG_WARN_OBJC_ROOT_CLASS = YES_ERROR;
				CLANG_WARN_QUOTED_INCLUDE_IN_FRAMEWORK_HEADER = YES;
				CLANG_WARN_RANGE_LOOP_ANALYSIS = YES;
				CLANG_WARN_STRICT_PROTOTYPES = YES;
				CLANG_WARN_SUSPICIOUS_MOVE = YES;
				CLANG_WARN_UNGUARDED_AVAILABILITY = YES_AGGRESSIVE;
				CLANG_WARN_UNREACHABLE_CODE = YES;
				CLANG_WARN__DUPLICATE_METHOD_MATCH = YES;
				COPY_PHASE_STRIP = NO;
				DEBUG_INFORMATION_FORMAT = "dwarf-with-dsym";
				ENABLE_NS_ASSERTIONS = NO;
				ENABLE_STRICT_OBJC_MSGSEND = YES;
				ENABLE_USER_SCRIPT_SANDBOXING = YES;
				GCC_C_LANGUAGE_STANDARD = gnu17;
				GCC_NO_COMMON_BLOCKS = YES;
				GCC_WARN_64_TO_32_BIT_CONVERSION = YES;
				GCC_WARN_ABOUT_RETURN_TYPE = YES_ERROR;
				GCC_WARN_UNDECLARED_SELECTOR = YES;
				GCC_WARN_UNINITIALIZED_AUTOS = YES_AGGRESSIVE;
				GCC_WARN_UNUSED_FUNCTION = YES;
				GCC_WARN_UNUSED_VARIABLE = YES;
				IPHONEOS_DEPLOYMENT_TARGET = 17.0;
				LOCALIZATION_PREFERS_STRING_CATALOGS = YES;
				MTL_ENABLE_DEBUG_INFO = NO;
				MTL_FAST_MATH = YES;
				SDKROOT = iphoneos;
				SWIFT_COMPILATION_MODE = wholemodule;
				VALIDATE_PRODUCT = YES;
			};
			name = Release;
		};
		87E8E71E2AD0711E00B6E415 /* Debug */ = {
			isa = XCBuildConfiguration;
			buildSettings = {
				ASSETCATALOG_COMPILER_APPICON_NAME = AppIcon;
				ASSETCATALOG_COMPILER_GLOBAL_ACCENT_COLOR_NAME = AccentColor;
				CODE_SIGN_STYLE = Automatic;
				CURRENT_PROJECT_VERSION = 1;
				DEVELOPMENT_ASSET_PATHS = "\"CourtConnect/Preview Content\"";
				DEVELOPMENT_TEAM = G64HSUAAY3;
				ENABLE_PREVIEWS = YES;
				GENERATE_INFOPLIST_FILE = YES;
				INFOPLIST_KEY_UIApplicationSceneManifest_Generation = YES;
				INFOPLIST_KEY_UIApplicationSupportsIndirectInputEvents = YES;
				INFOPLIST_KEY_UILaunchScreen_Generation = YES;
				INFOPLIST_KEY_UISupportedInterfaceOrientations_iPad = "UIInterfaceOrientationPortrait UIInterfaceOrientationPortraitUpsideDown UIInterfaceOrientationLandscapeLeft UIInterfaceOrientationLandscapeRight";
				INFOPLIST_KEY_UISupportedInterfaceOrientations_iPhone = "UIInterfaceOrientationPortrait UIInterfaceOrientationLandscapeLeft UIInterfaceOrientationLandscapeRight";
				LD_RUNPATH_SEARCH_PATHS = (
					"$(inherited)",
					"@executable_path/Frameworks",
				);
				MARKETING_VERSION = 1.0;
				PRODUCT_BUNDLE_IDENTIFIER = com.nimchynskyi.CourtConnect;
				PRODUCT_NAME = "$(TARGET_NAME)";
				SWIFT_EMIT_LOC_STRINGS = YES;
				SWIFT_VERSION = 5.0;
				TARGETED_DEVICE_FAMILY = "1,2";
			};
			name = Debug;
		};
		87E8E71F2AD0711E00B6E415 /* Release */ = {
			isa = XCBuildConfiguration;
			buildSettings = {
				ASSETCATALOG_COMPILER_APPICON_NAME = AppIcon;
				ASSETCATALOG_COMPILER_GLOBAL_ACCENT_COLOR_NAME = AccentColor;
				CODE_SIGN_STYLE = Automatic;
				CURRENT_PROJECT_VERSION = 1;
				DEVELOPMENT_ASSET_PATHS = "\"CourtConnect/Preview Content\"";
				DEVELOPMENT_TEAM = G64HSUAAY3;
				ENABLE_PREVIEWS = YES;
				GENERATE_INFOPLIST_FILE = YES;
				INFOPLIST_KEY_UIApplicationSceneManifest_Generation = YES;
				INFOPLIST_KEY_UIApplicationSupportsIndirectInputEvents = YES;
				INFOPLIST_KEY_UILaunchScreen_Generation = YES;
				INFOPLIST_KEY_UISupportedInterfaceOrientations_iPad = "UIInterfaceOrientationPortrait UIInterfaceOrientationPortraitUpsideDown UIInterfaceOrientationLandscapeLeft UIInterfaceOrientationLandscapeRight";
				INFOPLIST_KEY_UISupportedInterfaceOrientations_iPhone = "UIInterfaceOrientationPortrait UIInterfaceOrientationLandscapeLeft UIInterfaceOrientationLandscapeRight";
				LD_RUNPATH_SEARCH_PATHS = (
					"$(inherited)",
					"@executable_path/Frameworks",
				);
				MARKETING_VERSION = 1.0;
				PRODUCT_BUNDLE_IDENTIFIER = com.nimchynskyi.CourtConnect;
				PRODUCT_NAME = "$(TARGET_NAME)";
				SWIFT_EMIT_LOC_STRINGS = YES;
				SWIFT_VERSION = 5.0;
				TARGETED_DEVICE_FAMILY = "1,2";
			};
			name = Release;
		};
/* End XCBuildConfiguration section */

/* Begin XCConfigurationList section */
		87E8E70A2AD0711A00B6E415 /* Build configuration list for PBXProject "CourtConnect" */ = {
			isa = XCConfigurationList;
			buildConfigurations = (
				87E8E71B2AD0711E00B6E415 /* Debug */,
				87E8E71C2AD0711E00B6E415 /* Release */,
			);
			defaultConfigurationIsVisible = 0;
			defaultConfigurationName = Release;
		};
		87E8E71D2AD0711E00B6E415 /* Build configuration list for PBXNativeTarget "CourtConnect" */ = {
			isa = XCConfigurationList;
			buildConfigurations = (
				87E8E71E2AD0711E00B6E415 /* Debug */,
				87E8E71F2AD0711E00B6E415 /* Release */,
			);
			defaultConfigurationIsVisible = 0;
			defaultConfigurationName = Release;
		};
/* End XCConfigurationList section */

/* Begin XCRemoteSwiftPackageReference section */
		87E8E7222AD0739500B6E415 /* XCRemoteSwiftPackageReference "firebase-ios-sdk" */ = {
			isa = XCRemoteSwiftPackageReference;
			repositoryURL = "https://github.com/firebase/firebase-ios-sdk";
			requirement = {
				kind = upToNextMajorVersion;
				minimumVersion = 10.16.0;
			};
		};
/* End XCRemoteSwiftPackageReference section */

/* Begin XCSwiftPackageProductDependency section */
		87E8E7232AD0739500B6E415 /* FirebaseAnalytics */ = {
			isa = XCSwiftPackageProductDependency;
			package = 87E8E7222AD0739500B6E415 /* XCRemoteSwiftPackageReference "firebase-ios-sdk" */;
			productName = FirebaseAnalytics;
		};
		87E8E7252AD0739500B6E415 /* FirebaseAnalyticsOnDeviceConversion */ = {
			isa = XCSwiftPackageProductDependency;
			package = 87E8E7222AD0739500B6E415 /* XCRemoteSwiftPackageReference "firebase-ios-sdk" */;
			productName = FirebaseAnalyticsOnDeviceConversion;
		};
		87E8E7272AD0739500B6E415 /* FirebaseAnalyticsSwift */ = {
			isa = XCSwiftPackageProductDependency;
			package = 87E8E7222AD0739500B6E415 /* XCRemoteSwiftPackageReference "firebase-ios-sdk" */;
			productName = FirebaseAnalyticsSwift;
		};
		87E8E7292AD0739500B6E415 /* FirebaseAnalyticsWithoutAdIdSupport */ = {
			isa = XCSwiftPackageProductDependency;
			package = 87E8E7222AD0739500B6E415 /* XCRemoteSwiftPackageReference "firebase-ios-sdk" */;
			productName = FirebaseAnalyticsWithoutAdIdSupport;
		};
		87E8E72B2AD0739500B6E415 /* FirebaseAppCheck */ = {
			isa = XCSwiftPackageProductDependency;
			package = 87E8E7222AD0739500B6E415 /* XCRemoteSwiftPackageReference "firebase-ios-sdk" */;
			productName = FirebaseAppCheck;
		};
		87E8E72D2AD0739500B6E415 /* FirebaseAppDistribution-Beta */ = {
			isa = XCSwiftPackageProductDependency;
			package = 87E8E7222AD0739500B6E415 /* XCRemoteSwiftPackageReference "firebase-ios-sdk" */;
			productName = "FirebaseAppDistribution-Beta";
		};
		87E8E72F2AD0739500B6E415 /* FirebaseAuth */ = {
			isa = XCSwiftPackageProductDependency;
			package = 87E8E7222AD0739500B6E415 /* XCRemoteSwiftPackageReference "firebase-ios-sdk" */;
			productName = FirebaseAuth;
		};
		87E8E7312AD0739500B6E415 /* FirebaseAuthCombine-Community */ = {
			isa = XCSwiftPackageProductDependency;
			package = 87E8E7222AD0739500B6E415 /* XCRemoteSwiftPackageReference "firebase-ios-sdk" */;
			productName = "FirebaseAuthCombine-Community";
		};
		87E8E7332AD0739500B6E415 /* FirebaseCrashlytics */ = {
			isa = XCSwiftPackageProductDependency;
			package = 87E8E7222AD0739500B6E415 /* XCRemoteSwiftPackageReference "firebase-ios-sdk" */;
			productName = FirebaseCrashlytics;
		};
		87E8E7352AD0739500B6E415 /* FirebaseDatabase */ = {
			isa = XCSwiftPackageProductDependency;
			package = 87E8E7222AD0739500B6E415 /* XCRemoteSwiftPackageReference "firebase-ios-sdk" */;
			productName = FirebaseDatabase;
		};
		87E8E7372AD0739500B6E415 /* FirebaseDatabaseSwift */ = {
			isa = XCSwiftPackageProductDependency;
			package = 87E8E7222AD0739500B6E415 /* XCRemoteSwiftPackageReference "firebase-ios-sdk" */;
			productName = FirebaseDatabaseSwift;
		};
		87E8E7392AD0739500B6E415 /* FirebaseDynamicLinks */ = {
			isa = XCSwiftPackageProductDependency;
			package = 87E8E7222AD0739500B6E415 /* XCRemoteSwiftPackageReference "firebase-ios-sdk" */;
			productName = FirebaseDynamicLinks;
		};
		87E8E73B2AD0739500B6E415 /* FirebaseFirestore */ = {
			isa = XCSwiftPackageProductDependency;
			package = 87E8E7222AD0739500B6E415 /* XCRemoteSwiftPackageReference "firebase-ios-sdk" */;
			productName = FirebaseFirestore;
		};
		87E8E73D2AD0739500B6E415 /* FirebaseFirestoreCombine-Community */ = {
			isa = XCSwiftPackageProductDependency;
			package = 87E8E7222AD0739500B6E415 /* XCRemoteSwiftPackageReference "firebase-ios-sdk" */;
			productName = "FirebaseFirestoreCombine-Community";
		};
		87E8E73F2AD0739500B6E415 /* FirebaseFirestoreSwift */ = {
			isa = XCSwiftPackageProductDependency;
			package = 87E8E7222AD0739500B6E415 /* XCRemoteSwiftPackageReference "firebase-ios-sdk" */;
			productName = FirebaseFirestoreSwift;
		};
		87E8E7412AD0739500B6E415 /* FirebaseFunctions */ = {
			isa = XCSwiftPackageProductDependency;
			package = 87E8E7222AD0739500B6E415 /* XCRemoteSwiftPackageReference "firebase-ios-sdk" */;
			productName = FirebaseFunctions;
		};
		87E8E7432AD0739500B6E415 /* FirebaseFunctionsCombine-Community */ = {
			isa = XCSwiftPackageProductDependency;
			package = 87E8E7222AD0739500B6E415 /* XCRemoteSwiftPackageReference "firebase-ios-sdk" */;
			productName = "FirebaseFunctionsCombine-Community";
		};
		87E8E7452AD0739500B6E415 /* FirebaseInAppMessaging-Beta */ = {
			isa = XCSwiftPackageProductDependency;
			package = 87E8E7222AD0739500B6E415 /* XCRemoteSwiftPackageReference "firebase-ios-sdk" */;
			productName = "FirebaseInAppMessaging-Beta";
		};
		87E8E7472AD0739500B6E415 /* FirebaseInAppMessagingSwift-Beta */ = {
			isa = XCSwiftPackageProductDependency;
			package = 87E8E7222AD0739500B6E415 /* XCRemoteSwiftPackageReference "firebase-ios-sdk" */;
			productName = "FirebaseInAppMessagingSwift-Beta";
		};
		87E8E7492AD0739500B6E415 /* FirebaseInstallations */ = {
			isa = XCSwiftPackageProductDependency;
			package = 87E8E7222AD0739500B6E415 /* XCRemoteSwiftPackageReference "firebase-ios-sdk" */;
			productName = FirebaseInstallations;
		};
		87E8E74B2AD0739500B6E415 /* FirebaseMLModelDownloader */ = {
			isa = XCSwiftPackageProductDependency;
			package = 87E8E7222AD0739500B6E415 /* XCRemoteSwiftPackageReference "firebase-ios-sdk" */;
			productName = FirebaseMLModelDownloader;
		};
		87E8E74D2AD0739500B6E415 /* FirebaseMessaging */ = {
			isa = XCSwiftPackageProductDependency;
			package = 87E8E7222AD0739500B6E415 /* XCRemoteSwiftPackageReference "firebase-ios-sdk" */;
			productName = FirebaseMessaging;
		};
		87E8E74F2AD0739500B6E415 /* FirebasePerformance */ = {
			isa = XCSwiftPackageProductDependency;
			package = 87E8E7222AD0739500B6E415 /* XCRemoteSwiftPackageReference "firebase-ios-sdk" */;
			productName = FirebasePerformance;
		};
		87E8E7512AD0739500B6E415 /* FirebaseRemoteConfig */ = {
			isa = XCSwiftPackageProductDependency;
			package = 87E8E7222AD0739500B6E415 /* XCRemoteSwiftPackageReference "firebase-ios-sdk" */;
			productName = FirebaseRemoteConfig;
		};
		87E8E7532AD0739500B6E415 /* FirebaseRemoteConfigSwift */ = {
			isa = XCSwiftPackageProductDependency;
			package = 87E8E7222AD0739500B6E415 /* XCRemoteSwiftPackageReference "firebase-ios-sdk" */;
			productName = FirebaseRemoteConfigSwift;
		};
		87E8E7552AD0739500B6E415 /* FirebaseStorage */ = {
			isa = XCSwiftPackageProductDependency;
			package = 87E8E7222AD0739500B6E415 /* XCRemoteSwiftPackageReference "firebase-ios-sdk" */;
			productName = FirebaseStorage;
		};
		87E8E7572AD0739500B6E415 /* FirebaseStorageCombine-Community */ = {
			isa = XCSwiftPackageProductDependency;
			package = 87E8E7222AD0739500B6E415 /* XCRemoteSwiftPackageReference "firebase-ios-sdk" */;
			productName = "FirebaseStorageCombine-Community";
		};
/* End XCSwiftPackageProductDependency section */
	};
	rootObject = 87E8E7072AD0711A00B6E415 /* Project object */;
}
